Microsoft Visual Studio Solution File, Format Version 11.00
# Visual Studio 2008

Project("{A0B97BFF-CC55-7B4A-55B1-D5F535DA2409}") = "curso.uniandes.u5.1.Introduccion", "Assembly-CSharp.csproj", "{C80F2BC8-2664-DAAA-3980-E2EC47CB47F9}"
EndProject
Global
	GlobalSection(SolutionConfigurationPlatforms) = preSolution
		Debug|Any CPU = Debug|Any CPU
		Release|Any CPU = Release|Any CPU
	EndGlobalSection
	GlobalSection(ProjectConfigurationPlatforms) = postSolution
		{C80F2BC8-2664-DAAA-3980-E2EC47CB47F9}.Debug|Any CPU.ActiveCfg = Debug|Any CPU
		{C80F2BC8-2664-DAAA-3980-E2EC47CB47F9}.Debug|Any CPU.Build.0 = Debug|Any CPU
		{C80F2BC8-2664-DAAA-3980-E2EC47CB47F9}.Release|Any CPU.ActiveCfg = Release|Any CPU
		{C80F2BC8-2664-DAAA-3980-E2EC47CB47F9}.Release|Any CPU.Build.0 = Release|Any CPU
	EndGlobalSection
	GlobalSection(SolutionProperties) = preSolution
		HideSolutionNode = FALSE
	EndGlobalSection
	GlobalSection(MonoDevelopProperties) = preSolution
		StartupItem = Assembly-CSharp.csproj
	EndGlobalSection
EndGlobal
